
Microsoft Visual Studio Solution File, Format Version 12.00
# Visual Studio 15
VisualStudioVersion = 15.0.33026.149
MinimumVisualStudioVersion = 10.0.40219.1
Project("{FAE04EC0-301F-11D3-BF4B-00C04F79EFBC}") = "control services", "control services.csproj", "{52431F0F-89EE-467E-B7CA-EB56386B02D5}"
EndProject
Global
	GlobalSection(SolutionConfigurationPlatforms) = preSolution
		Debug|Any CPU = Debug|Any CPU
		Release|Any CPU = Release|Any CPU
	EndGlobalSection
	GlobalSection(ProjectConfigurationPlatforms) = postSolution
		{52431F0F-89EE-467E-B7CA-EB56386B02D5}.Debug|Any CPU.ActiveCfg = Debug|Any CPU
		{52431F0F-89EE-467E-B7CA-EB56386B02D5}.Debug|Any CPU.Build.0 = Debug|Any CPU
		{52431F0F-89EE-467E-B7CA-EB56386B02D5}.Release|Any CPU.ActiveCfg = Release|Any CPU
		{52431F0F-89EE-467E-B7CA-EB56386B02D5}.Release|Any CPU.Build.0 = Release|Any CPU
	EndGlobalSection
	GlobalSection(SolutionProperties) = preSolution
		HideSolutionNode = FALSE
	EndGlobalSection
	GlobalSection(ExtensibilityGlobals) = postSolution
		SolutionGuid = {586E40A4-9631-4944-B0EA-23DDD5F40B75}
	EndGlobalSection
EndGlobal
